
Microsoft Visual Studio Solution File, Format Version 12.00
# Visual Studio Version 17
VisualStudioVersion = 17.9.34616.47
MinimumVisualStudioVersion = 10.0.40219.1
Project("{8BC9CEB8-8B4A-11D0-8D11-00A0C91BC942}") = "Member Statik, Statik Fungsi, Constructor dan chain function", "Member Statik, Statik Fungsi, Constructor dan chain function\Member Statik, Statik Fungsi, Constructor dan chain function.vcxproj", "{DDD4DA40-91CF-4CF1-8F17-118919C3B030}"
EndProject
Project("{8BC9CEB8-8B4A-11D0-8D11-00A0C91BC942}") = "StatFunc", "StatFunc\StatFunc.vcxproj", "{1743DFEC-C5E1-45B1-8318-D366CB618F80}"
EndProject
Project("{8BC9CEB8-8B4A-11D0-8D11-00A0C91BC942}") = "Construk", "Construk\Construk.vcxproj", "{599D69DA-2931-4DC8-AB1B-DA610C30C55F}"
EndProject
Global
	GlobalSection(SolutionConfigurationPlatforms) = preSolution
		Debug|x64 = Debug|x64
		Debug|x86 = Debug|x86
		Release|x64 = Release|x64
		Release|x86 = Release|x86
	EndGlobalSection
	GlobalSection(ProjectConfigurationPlatforms) = postSolution
		{DDD4DA40-91CF-4CF1-8F17-118919C3B030}.Debug|x64.ActiveCfg = Debug|x64
		{DDD4DA40-91CF-4CF1-8F17-118919C3B030}.Debug|x64.Build.0 = Debug|x64
		{DDD4DA40-91CF-4CF1-8F17-118919C3B030}.Debug|x86.ActiveCfg = Debug|Win32
		{DDD4DA40-91CF-4CF1-8F17-118919C3B030}.Debug|x86.Build.0 = Debug|Win32
		{DDD4DA40-91CF-4CF1-8F17-118919C3B030}.Release|x64.ActiveCfg = Release|x64
		{DDD4DA40-91CF-4CF1-8F17-118919C3B030}.Release|x64.Build.0 = Release|x64
		{DDD4DA40-91CF-4CF1-8F17-118919C3B030}.Release|x86.ActiveCfg = Release|Win32
		{DDD4DA40-91CF-4CF1-8F17-118919C3B030}.Release|x86.Build.0 = Release|Win32
		{1743DFEC-C5E1-45B1-8318-D366CB618F80}.Debug|x64.ActiveCfg = Debug|x64
		{1743DFEC-C5E1-45B1-8318-D366CB618F80}.Debug|x64.Build.0 = Debug|x64
		{1743DFEC-C5E1-45B1-8318-D366CB618F80}.Debug|x86.ActiveCfg = Debug|Win32
		{1743DFEC-C5E1-45B1-8318-D366CB618F80}.Debug|x86.Build.0 = Debug|Win32
		{1743DFEC-C5E1-45B1-8318-D366CB618F80}.Release|x64.ActiveCfg = Release|x64
		{1743DFEC-C5E1-45B1-8318-D366CB618F80}.Release|x64.Build.0 = Release|x64
		{1743DFEC-C5E1-45B1-8318-D366CB618F80}.Release|x86.ActiveCfg = Release|Win32
		{1743DFEC-C5E1-45B1-8318-D366CB618F80}.Release|x86.Build.0 = Release|Win32
		{599D69DA-2931-4DC8-AB1B-DA610C30C55F}.Debug|x64.ActiveCfg = Debug|x64
		{599D69DA-2931-4DC8-AB1B-DA610C30C55F}.Debug|x64.Build.0 = Debug|x64
		{599D69DA-2931-4DC8-AB1B-DA610C30C55F}.Debug|x86.ActiveCfg = Debug|Win32
		{599D69DA-2931-4DC8-AB1B-DA610C30C55F}.Debug|x86.Build.0 = Debug|Win32
		{599D69DA-2931-4DC8-AB1B-DA610C30C55F}.Release|x64.ActiveCfg = Release|x64
		{599D69DA-2931-4DC8-AB1B-DA610C30C55F}.Release|x64.Build.0 = Release|x64
		{599D69DA-2931-4DC8-AB1B-DA610C30C55F}.Release|x86.ActiveCfg = Release|Win32
		{599D69DA-2931-4DC8-AB1B-DA610C30C55F}.Release|x86.Build.0 = Release|Win32
	EndGlobalSection
	GlobalSection(SolutionProperties) = preSolution
		HideSolutionNode = FALSE
	EndGlobalSection
	GlobalSection(ExtensibilityGlobals) = postSolution
		SolutionGuid = {7FB669D5-D439-4286-9077-720AEE4C9488}
	EndGlobalSection
EndGlobal
